
Microsoft Visual Studio Solution File, Format Version 12.00
# Visual Studio Version 17
VisualStudioVersion = 17.0.31815.197
MinimumVisualStudioVersion = 10.0.40219.1
Project("{2150E333-8FDC-42A3-9474-1A3956D46DE8}") = "src", "src", "{6D4F3E8C-B6C9-4CD7-B7C7-43F0AEC92783}"
EndProject
Project("{2150E333-8FDC-42A3-9474-1A3956D46DE8}") = "docs", "docs", "{455C0ECF-0CD7-435C-BEFD-D8C5502621DD}"
	ProjectSection(SolutionItems) = preProject
		docs.txt = docs.txt
	EndProjectSection
EndProject
Project("{2150E333-8FDC-42A3-9474-1A3956D46DE8}") = "Core", "Core", "{AE9F8215-5767-444C-A855-DFF29FA372F8}"
EndProject
Project("{2150E333-8FDC-42A3-9474-1A3956D46DE8}") = "Infrastructure", "Infrastructure", "{D405D666-D983-4633-9808-EBD2B3200798}"
EndProject
Project("{2150E333-8FDC-42A3-9474-1A3956D46DE8}") = "Api", "Api", "{08B06EA2-2726-4EDD-B0CC-DD2F2058DD03}"
EndProject
Project("{9A19103F-16F7-4668-BE54-9A1E7A4F7556}") = "AvonHMO.API", "src\Api\AvonHMO.API\AvonHMO.API.csproj", "{ADA5329D-7747-4F86-8B0B-B993462E9C52}"
EndProject
Project("{9A19103F-16F7-4668-BE54-9A1E7A4F7556}") = "AvonHMO.Persistence", "src\Infrastructure\AvonHMO.Persistence\AvonHMO.Persistence.csproj", "{8EBA07E3-0EF4-4FF5-9689-4ED5A57EB75E}"
EndProject
Project("{9A19103F-16F7-4668-BE54-9A1E7A4F7556}") = "AvonHMO.Domain", "src\Core\AvonHMO.Domain\AvonHMO.Domain.csproj", "{B94152A2-C1F1-4D4A-9ACD-1CD8AF8D988B}"
EndProject
Project("{2150E333-8FDC-42A3-9474-1A3956D46DE8}") = "Solution Items", "Solution Items", "{0621A27A-A645-4916-85F4-8C85A62341B7}"
EndProject
Project("{2150E333-8FDC-42A3-9474-1A3956D46DE8}") = "Common", "Common", "{FF400923-8F9A-47ED-8E0C-F0E27139907B}"
EndProject
Project("{9A19103F-16F7-4668-BE54-9A1E7A4F7556}") = "AvonHMO.Common", "src\Common\AvonHMO.Common\AvonHMO.Common.csproj", "{46C34C38-2992-4808-9316-01BCBBB6FA23}"
EndProject
Project("{9A19103F-16F7-4668-BE54-9A1E7A4F7556}") = "AvonHMO.Application", "src\Core\AvonHMO.Application\AvonHMO.Application.csproj", "{46DD1E80-C5FB-47AB-9E89-F1E9A66ECDED}"
EndProject
Project("{9A19103F-16F7-4668-BE54-9A1E7A4F7556}") = "AvonHMO.Entities", "src\Infrastructure\AvonHMO.Entities\AvonHMO.Entities.csproj", "{9C99147B-40ED-4476-AC29-E8DD389BB56F}"
EndProject
Project("{9A19103F-16F7-4668-BE54-9A1E7A4F7556}") = "AvonHMO.Communications", "src\Common\AvonHMO.Communications\AvonHMO.Communications.csproj", "{964F0DE9-ED90-4C89-BB7D-FF3C22809448}"
EndProject
Project("{9A19103F-16F7-4668-BE54-9A1E7A4F7556}") = "BrightStar.Util.Storage", "src\Common\BrightStar.Util.Storage\BrightStar.Util.Storage.csproj", "{A0683E48-07D3-43AC-AC1A-022B331130E6}"
EndProject
Global
	GlobalSection(SolutionConfigurationPlatforms) = preSolution
		Debug|Any CPU = Debug|Any CPU
		Release|Any CPU = Release|Any CPU
	EndGlobalSection
	GlobalSection(ProjectConfigurationPlatforms) = postSolution
		{ADA5329D-7747-4F86-8B0B-B993462E9C52}.Debug|Any CPU.ActiveCfg = Debug|Any CPU
		{ADA5329D-7747-4F86-8B0B-B993462E9C52}.Debug|Any CPU.Build.0 = Debug|Any CPU
		{ADA5329D-7747-4F86-8B0B-B993462E9C52}.Release|Any CPU.ActiveCfg = Release|Any CPU
		{ADA5329D-7747-4F86-8B0B-B993462E9C52}.Release|Any CPU.Build.0 = Release|Any CPU
		{8EBA07E3-0EF4-4FF5-9689-4ED5A57EB75E}.Debug|Any CPU.ActiveCfg = Debug|Any CPU
		{8EBA07E3-0EF4-4FF5-9689-4ED5A57EB75E}.Debug|Any CPU.Build.0 = Debug|Any CPU
		{8EBA07E3-0EF4-4FF5-9689-4ED5A57EB75E}.Release|Any CPU.ActiveCfg = Release|Any CPU
		{8EBA07E3-0EF4-4FF5-9689-4ED5A57EB75E}.Release|Any CPU.Build.0 = Release|Any CPU
		{B94152A2-C1F1-4D4A-9ACD-1CD8AF8D988B}.Debug|Any CPU.ActiveCfg = Debug|Any CPU
		{B94152A2-C1F1-4D4A-9ACD-1CD8AF8D988B}.Debug|Any CPU.Build.0 = Debug|Any CPU
		{B94152A2-C1F1-4D4A-9ACD-1CD8AF8D988B}.Release|Any CPU.ActiveCfg = Release|Any CPU
		{B94152A2-C1F1-4D4A-9ACD-1CD8AF8D988B}.Release|Any CPU.Build.0 = Release|Any CPU
		{46C34C38-2992-4808-9316-01BCBBB6FA23}.Debug|Any CPU.ActiveCfg = Debug|Any CPU
		{46C34C38-2992-4808-9316-01BCBBB6FA23}.Debug|Any CPU.Build.0 = Debug|Any CPU
		{46C34C38-2992-4808-9316-01BCBBB6FA23}.Release|Any CPU.ActiveCfg = Release|Any CPU
		{46C34C38-2992-4808-9316-01BCBBB6FA23}.Release|Any CPU.Build.0 = Release|Any CPU
		{46DD1E80-C5FB-47AB-9E89-F1E9A66ECDED}.Debug|Any CPU.ActiveCfg = Debug|Any CPU
		{46DD1E80-C5FB-47AB-9E89-F1E9A66ECDED}.Debug|Any CPU.Build.0 = Debug|Any CPU
		{46DD1E80-C5FB-47AB-9E89-F1E9A66ECDED}.Release|Any CPU.ActiveCfg = Release|Any CPU
		{46DD1E80-C5FB-47AB-9E89-F1E9A66ECDED}.Release|Any CPU.Build.0 = Release|Any CPU
		{9C99147B-40ED-4476-AC29-E8DD389BB56F}.Debug|Any CPU.ActiveCfg = Debug|Any CPU
		{9C99147B-40ED-4476-AC29-E8DD389BB56F}.Debug|Any CPU.Build.0 = Debug|Any CPU
		{9C99147B-40ED-4476-AC29-E8DD389BB56F}.Release|Any CPU.ActiveCfg = Release|Any CPU
		{9C99147B-40ED-4476-AC29-E8DD389BB56F}.Release|Any CPU.Build.0 = Release|Any CPU
		{964F0DE9-ED90-4C89-BB7D-FF3C22809448}.Debug|Any CPU.ActiveCfg = Debug|Any CPU
		{964F0DE9-ED90-4C89-BB7D-FF3C22809448}.Debug|Any CPU.Build.0 = Debug|Any CPU
		{964F0DE9-ED90-4C89-BB7D-FF3C22809448}.Release|Any CPU.ActiveCfg = Release|Any CPU
		{964F0DE9-ED90-4C89-BB7D-FF3C22809448}.Release|Any CPU.Build.0 = Release|Any CPU
		{A0683E48-07D3-43AC-AC1A-022B331130E6}.Debug|Any CPU.ActiveCfg = Debug|Any CPU
		{A0683E48-07D3-43AC-AC1A-022B331130E6}.Debug|Any CPU.Build.0 = Debug|Any CPU
		{A0683E48-07D3-43AC-AC1A-022B331130E6}.Release|Any CPU.ActiveCfg = Release|Any CPU
		{A0683E48-07D3-43AC-AC1A-022B331130E6}.Release|Any CPU.Build.0 = Release|Any CPU
	EndGlobalSection
	GlobalSection(SolutionProperties) = preSolution
		HideSolutionNode = FALSE
	EndGlobalSection
	GlobalSection(NestedProjects) = preSolution
		{AE9F8215-5767-444C-A855-DFF29FA372F8} = {6D4F3E8C-B6C9-4CD7-B7C7-43F0AEC92783}
		{D405D666-D983-4633-9808-EBD2B3200798} = {6D4F3E8C-B6C9-4CD7-B7C7-43F0AEC92783}
		{08B06EA2-2726-4EDD-B0CC-DD2F2058DD03} = {6D4F3E8C-B6C9-4CD7-B7C7-43F0AEC92783}
		{ADA5329D-7747-4F86-8B0B-B993462E9C52} = {08B06EA2-2726-4EDD-B0CC-DD2F2058DD03}
		{8EBA07E3-0EF4-4FF5-9689-4ED5A57EB75E} = {D405D666-D983-4633-9808-EBD2B3200798}
		{B94152A2-C1F1-4D4A-9ACD-1CD8AF8D988B} = {AE9F8215-5767-444C-A855-DFF29FA372F8}
		{FF400923-8F9A-47ED-8E0C-F0E27139907B} = {6D4F3E8C-B6C9-4CD7-B7C7-43F0AEC92783}
		{46C34C38-2992-4808-9316-01BCBBB6FA23} = {FF400923-8F9A-47ED-8E0C-F0E27139907B}
		{46DD1E80-C5FB-47AB-9E89-F1E9A66ECDED} = {AE9F8215-5767-444C-A855-DFF29FA372F8}
		{9C99147B-40ED-4476-AC29-E8DD389BB56F} = {D405D666-D983-4633-9808-EBD2B3200798}
		{964F0DE9-ED90-4C89-BB7D-FF3C22809448} = {FF400923-8F9A-47ED-8E0C-F0E27139907B}
		{A0683E48-07D3-43AC-AC1A-022B331130E6} = {FF400923-8F9A-47ED-8E0C-F0E27139907B}
	EndGlobalSection
	GlobalSection(ExtensibilityGlobals) = postSolution
		SolutionGuid = {E50C49C3-0A00-4047-ABD0-ACB44225929F}
	EndGlobalSection
EndGlobal
